// !$*UTF8*$!
{
	archiveVersion = 1;
	classes = {
	};
	objectVersion = 56;
	objects = {

/* Begin PBXBuildFile section */
		6448FDBB29FE2B830038D363 /* AppDelegate.swift in Sources */ = {isa = PBXBuildFile; fileRef = 6448FDBA29FE2B830038D363 /* AppDelegate.swift */; };
		6448FDBD29FE2B830038D363 /* SceneDelegate.swift in Sources */ = {isa = PBXBuildFile; fileRef = 6448FDBC29FE2B830038D363 /* SceneDelegate.swift */; };
		6448FDC429FE2B840038D363 /* Assets.xcassets in Resources */ = {isa = PBXBuildFile; fileRef = 6448FDC329FE2B840038D363 /* Assets.xcassets */; };
		6448FDC729FE2B840038D363 /* LaunchScreen.storyboard in Resources */ = {isa = PBXBuildFile; fileRef = 6448FDC529FE2B840038D363 /* LaunchScreen.storyboard */; };
		6448FDD029FED1090038D363 /* Alamofire in Frameworks */ = {isa = PBXBuildFile; productRef = 6448FDCF29FED1090038D363 /* Alamofire */; };
		64F193AC2A058F25008FA4C1 /* Extensions.swift in Sources */ = {isa = PBXBuildFile; fileRef = 64F193AB2A058F25008FA4C1 /* Extensions.swift */; };
		64F193D82A0595A1008FA4C1 /* Marvel.xcdatamodeld in Sources */ = {isa = PBXBuildFile; fileRef = 64F193D62A0595A1008FA4C1 /* Marvel.xcdatamodeld */; };
		64F193DA2A05966D008FA4C1 /* CoreDataManager.swift in Sources */ = {isa = PBXBuildFile; fileRef = 64F193D92A05966D008FA4C1 /* CoreDataManager.swift */; };
		64FF36B72A056461003D826C /* LoginView.swift in Sources */ = {isa = PBXBuildFile; fileRef = 64FF36B62A056461003D826C /* LoginView.swift */; };
		64FF36BA2A05658E003D826C /* SnapKit in Frameworks */ = {isa = PBXBuildFile; productRef = 64FF36B92A05658E003D826C /* SnapKit */; };
		64FF36BC2A057F19003D826C /* LoginViewController.swift in Sources */ = {isa = PBXBuildFile; fileRef = 64FF36BB2A057F19003D826C /* LoginViewController.swift */; };
		64FF36BF2A057F97003D826C /* LoginViewModel.swift in Sources */ = {isa = PBXBuildFile; fileRef = 64FF36BE2A057F97003D826C /* LoginViewModel.swift */; };
/* End PBXBuildFile section */

/* Begin PBXFileReference section */
		6448FDB729FE2B830038D363 /* MarvelTest.app */ = {isa = PBXFileReference; explicitFileType = wrapper.application; includeInIndex = 0; path = MarvelTest.app; sourceTree = BUILT_PRODUCTS_DIR; };
		6448FDBA29FE2B830038D363 /* AppDelegate.swift */ = {isa = PBXFileReference; lastKnownFileType = sourcecode.swift; path = AppDelegate.swift; sourceTree = "<group>"; };
		6448FDBC29FE2B830038D363 /* SceneDelegate.swift */ = {isa = PBXFileReference; lastKnownFileType = sourcecode.swift; path = SceneDelegate.swift; sourceTree = "<group>"; };
		6448FDC329FE2B840038D363 /* Assets.xcassets */ = {isa = PBXFileReference; lastKnownFileType = folder.assetcatalog; path = Assets.xcassets; sourceTree = "<group>"; };
		6448FDC629FE2B840038D363 /* Base */ = {isa = PBXFileReference; lastKnownFileType = file.storyboard; name = Base; path = Base.lproj/LaunchScreen.storyboard; sourceTree = "<group>"; };
		6448FDC829FE2B840038D363 /* Info.plist */ = {isa = PBXFileReference; lastKnownFileType = text.plist.xml; path = Info.plist; sourceTree = "<group>"; };
		64F193AB2A058F25008FA4C1 /* Extensions.swift */ = {isa = PBXFileReference; lastKnownFileType = sourcecode.swift; path = Extensions.swift; sourceTree = "<group>"; };
		64F193D72A0595A1008FA4C1 /* Marvel.xcdatamodel */ = {isa = PBXFileReference; lastKnownFileType = wrapper.xcdatamodel; path = Marvel.xcdatamodel; sourceTree = "<group>"; };
		64F193D92A05966D008FA4C1 /* CoreDataManager.swift */ = {isa = PBXFileReference; lastKnownFileType = sourcecode.swift; path = CoreDataManager.swift; sourceTree = "<group>"; };
		64FF36B62A056461003D826C /* LoginView.swift */ = {isa = PBXFileReference; lastKnownFileType = sourcecode.swift; path = LoginView.swift; sourceTree = "<group>"; };
		64FF36BB2A057F19003D826C /* LoginViewController.swift */ = {isa = PBXFileReference; lastKnownFileType = sourcecode.swift; path = LoginViewController.swift; sourceTree = "<group>"; };
		64FF36BE2A057F97003D826C /* LoginViewModel.swift */ = {isa = PBXFileReference; lastKnownFileType = sourcecode.swift; path = LoginViewModel.swift; sourceTree = "<group>"; };
/* End PBXFileReference section */

/* Begin PBXFrameworksBuildPhase section */
		6448FDB429FE2B830038D363 /* Frameworks */ = {
			isa = PBXFrameworksBuildPhase;
			buildActionMask = 2147483647;
			files = (
				6448FDD029FED1090038D363 /* Alamofire in Frameworks */,
				64FF36BA2A05658E003D826C /* SnapKit in Frameworks */,
			);
			runOnlyForDeploymentPostprocessing = 0;
		};
/* End PBXFrameworksBuildPhase section */

/* Begin PBXGroup section */
		6448FDAE29FE2B830038D363 = {
			isa = PBXGroup;
			children = (
				6448FDB929FE2B830038D363 /* MarvelTest */,
				6448FDB829FE2B830038D363 /* Products */,
			);
			sourceTree = "<group>";
		};
		6448FDB829FE2B830038D363 /* Products */ = {
			isa = PBXGroup;
			children = (
				6448FDB729FE2B830038D363 /* MarvelTest.app */,
			);
			name = Products;
			sourceTree = "<group>";
		};
		6448FDB929FE2B830038D363 /* MarvelTest */ = {
			isa = PBXGroup;
			children = (
				6448FDBA29FE2B830038D363 /* AppDelegate.swift */,
				6448FDBC29FE2B830038D363 /* SceneDelegate.swift */,
				64F193AB2A058F25008FA4C1 /* Extensions.swift */,
				64FF36BD2A057F26003D826C /* Login */,
				64F193D62A0595A1008FA4C1 /* Marvel.xcdatamodeld */,
				64F193D92A05966D008FA4C1 /* CoreDataManager.swift */,
				6448FDC329FE2B840038D363 /* Assets.xcassets */,
				6448FDC529FE2B840038D363 /* LaunchScreen.storyboard */,
				6448FDC829FE2B840038D363 /* Info.plist */,
			);
			path = MarvelTest;
			sourceTree = "<group>";
		};
		64FF36BD2A057F26003D826C /* Login */ = {
			isa = PBXGroup;
			children = (
				64FF36B62A056461003D826C /* LoginView.swift */,
				64FF36BB2A057F19003D826C /* LoginViewController.swift */,
				64FF36BE2A057F97003D826C /* LoginViewModel.swift */,
			);
			path = Login;
			sourceTree = "<group>";
		};
/* End PBXGroup section */

/* Begin PBXNativeTarget section */
		6448FDB629FE2B830038D363 /* MarvelTest */ = {
			isa = PBXNativeTarget;
			buildConfigurationList = 6448FDCB29FE2B840038D363 /* Build configuration list for PBXNativeTarget "MarvelTest" */;
			buildPhases = (
				6448FDB329FE2B830038D363 /* Sources */,
				6448FDB429FE2B830038D363 /* Frameworks */,
				6448FDB529FE2B830038D363 /* Resources */,
			);
			buildRules = (
			);
			dependencies = (
			);
			name = MarvelTest;
			packageProductDependencies = (
				6448FDCF29FED1090038D363 /* Alamofire */,
				64FF36B92A05658E003D826C /* SnapKit */,
			);
			productName = MarvelTest;
			productReference = 6448FDB729FE2B830038D363 /* MarvelTest.app */;
			productType = "com.apple.product-type.application";
		};
/* End PBXNativeTarget section */

/* Begin PBXProject section */
		6448FDAF29FE2B830038D363 /* Project object */ = {
			isa = PBXProject;
			attributes = {
				BuildIndependentTargetsInParallel = 1;
				LastSwiftUpdateCheck = 1430;
				LastUpgradeCheck = 1430;
				TargetAttributes = {
					6448FDB629FE2B830038D363 = {
						CreatedOnToolsVersion = 14.3;
					};
				};
			};
			buildConfigurationList = 6448FDB229FE2B830038D363 /* Build configuration list for PBXProject "MarvelTest" */;
			compatibilityVersion = "Xcode 14.0";
			developmentRegion = en;
			hasScannedForEncodings = 0;
			knownRegions = (
				en,
				Base,
			);
			mainGroup = 6448FDAE29FE2B830038D363;
			packageReferences = (
				6448FDCE29FED1090038D363 /* XCRemoteSwiftPackageReference "Alamofire" */,
				6448FDD629FEDB260038D363 /* XCRemoteSwiftPackageReference "SwiftLint" */,
				64FF36B82A05658E003D826C /* XCRemoteSwiftPackageReference "SnapKit" */,
			);
			productRefGroup = 6448FDB829FE2B830038D363 /* Products */;
			projectDirPath = "";
			projectRoot = "";
			targets = (
				6448FDB629FE2B830038D363 /* MarvelTest */,
			);
		};
/* End PBXProject section */

/* Begin PBXResourcesBuildPhase section */
		6448FDB529FE2B830038D363 /* Resources */ = {
			isa = PBXResourcesBuildPhase;
			buildActionMask = 2147483647;
			files = (
				6448FDC729FE2B840038D363 /* LaunchScreen.storyboard in Resources */,
				6448FDC429FE2B840038D363 /* Assets.xcassets in Resources */,
			);
			runOnlyForDeploymentPostprocessing = 0;
		};
/* End PBXResourcesBuildPhase section */

/* Begin PBXSourcesBuildPhase section */
		6448FDB329FE2B830038D363 /* Sources */ = {
			isa = PBXSourcesBuildPhase;
			buildActionMask = 2147483647;
			files = (
				64FF36BC2A057F19003D826C /* LoginViewController.swift in Sources */,
				64F193D82A0595A1008FA4C1 /* Marvel.xcdatamodeld in Sources */,
				64F193AC2A058F25008FA4C1 /* Extensions.swift in Sources */,
				6448FDBB29FE2B830038D363 /* AppDelegate.swift in Sources */,
				64FF36BF2A057F97003D826C /* LoginViewModel.swift in Sources */,
				64FF36B72A056461003D826C /* LoginView.swift in Sources */,
				64F193DA2A05966D008FA4C1 /* CoreDataManager.swift in Sources */,
				6448FDBD29FE2B830038D363 /* SceneDelegate.swift in Sources */,
			);
			runOnlyForDeploymentPostprocessing = 0;
		};
/* End PBXSourcesBuildPhase section */

/* Begin PBXVariantGroup section */
		6448FDC529FE2B840038D363 /* LaunchScreen.storyboard */ = {
			isa = PBXVariantGroup;
			children = (
				6448FDC629FE2B840038D363 /* Base */,
			);
			name = LaunchScreen.storyboard;
			sourceTree = "<group>";
		};
/* End PBXVariantGroup section */

/* Begin XCBuildConfiguration section */
		6448FDC929FE2B840038D363 /* Debug */ = {
			isa = XCBuildConfiguration;
			buildSettings = {
				ALWAYS_SEARCH_USER_PATHS = NO;
				CLANG_ANALYZER_NONNULL = YES;
				CLANG_ANALYZER_NUMBER_OBJECT_CONVERSION = YES_AGGRESSIVE;
				CLANG_CXX_LANGUAGE_STANDARD = "gnu++20";
				CLANG_ENABLE_MODULES = YES;
				CLANG_ENABLE_OBJC_ARC = YES;
				CLANG_ENABLE_OBJC_WEAK = YES;
				CLANG_WARN_BLOCK_CAPTURE_AUTORELEASING = YES;
				CLANG_WARN_BOOL_CONVERSION = YES;
				CLANG_WARN_COMMA = YES;
				CLANG_WARN_CONSTANT_CONVERSION = YES;
				CLANG_WARN_DEPRECATED_OBJC_IMPLEMENTATIONS = YES;
				CLANG_WARN_DIRECT_OBJC_ISA_USAGE = YES_ERROR;
				CLANG_WARN_DOCUMENTATION_COMMENTS = YES;
				CLANG_WARN_EMPTY_BODY = YES;
				CLANG_WARN_ENUM_CONVERSION = YES;
				CLANG_WARN_INFINITE_RECURSION = YES;
				CLANG_WARN_INT_CONVERSION = YES;
				CLANG_WARN_NON_LITERAL_NULL_CONVERSION = YES;
				CLANG_WARN_OBJC_IMPLICIT_RETAIN_SELF = YES;
				CLANG_WARN_OBJC_LITERAL_CONVERSION = YES;
				CLANG_WARN_OBJC_ROOT_CLASS = YES_ERROR;
				CLANG_WARN_QUOTED_INCLUDE_IN_FRAMEWORK_HEADER = YES;
				CLANG_WARN_RANGE_LOOP_ANALYSIS = YES;
				CLANG_WARN_STRICT_PROTOTYPES = YES;
				CLANG_WARN_SUSPICIOUS_MOVE = YES;
				CLANG_WARN_UNGUARDED_AVAILABILITY = YES_AGGRESSIVE;
				CLANG_WARN_UNREACHABLE_CODE = YES;
				CLANG_WARN__DUPLICATE_METHOD_MATCH = YES;
				COPY_PHASE_STRIP = NO;
				DEBUG_INFORMATION_FORMAT = dwarf;
				ENABLE_STRICT_OBJC_MSGSEND = YES;
				ENABLE_TESTABILITY = YES;
				GCC_C_LANGUAGE_STANDARD = gnu11;
				GCC_DYNAMIC_NO_PIC = NO;
				GCC_NO_COMMON_BLOCKS = YES;
				GCC_OPTIMIZATION_LEVEL = 0;
				GCC_PREPROCESSOR_DEFINITIONS = (
					"DEBUG=1",
					"$(inherited)",
				);
				GCC_WARN_64_TO_32_BIT_CONVERSION = YES;
				GCC_WARN_ABOUT_RETURN_TYPE = YES_ERROR;
				GCC_WARN_UNDECLARED_SELECTOR = YES;
				GCC_WARN_UNINITIALIZED_AUTOS = YES_AGGRESSIVE;
				GCC_WARN_UNUSED_FUNCTION = YES;
				GCC_WARN_UNUSED_VARIABLE = YES;
				IPHONEOS_DEPLOYMENT_TARGET = 13.0;
				MTL_ENABLE_DEBUG_INFO = INCLUDE_SOURCE;
				MTL_FAST_MATH = YES;
				ONLY_ACTIVE_ARCH = YES;
				SDKROOT = iphoneos;
				SWIFT_ACTIVE_COMPILATION_CONDITIONS = DEBUG;
				SWIFT_OPTIMIZATION_LEVEL = "-Onone";
			};
			name = Debug;
		};
		6448FDCA29FE2B840038D363 /* Release */ = {
			isa = XCBuildConfiguration;
			buildSettings = {
				ALWAYS_SEARCH_USER_PATHS = NO;
				CLANG_ANALYZER_NONNULL = YES;
				CLANG_ANALYZER_NUMBER_OBJECT_CONVERSION = YES_AGGRESSIVE;
				CLANG_CXX_LANGUAGE_STANDARD = "gnu++20";
				CLANG_ENABLE_MODULES = YES;
				CLANG_ENABLE_OBJC_ARC = YES;
				CLANG_ENABLE_OBJC_WEAK = YES;
				CLANG_WARN_BLOCK_CAPTURE_AUTORELEASING = YES;
				CLANG_WARN_BOOL_CONVERSION = YES;
				CLANG_WARN_COMMA = YES;
				CLANG_WARN_CONSTANT_CONVERSION = YES;
				CLANG_WARN_DEPRECATED_OBJC_IMPLEMENTATIONS = YES;
				CLANG_WARN_DIRECT_OBJC_ISA_USAGE = YES_ERROR;
				CLANG_WARN_DOCUMENTATION_COMMENTS = YES;
				CLANG_WARN_EMPTY_BODY = YES;
				CLANG_WARN_ENUM_CONVERSION = YES;
				CLANG_WARN_INFINITE_RECURSION = YES;
				CLANG_WARN_INT_CONVERSION = YES;
				CLANG_WARN_NON_LITERAL_NULL_CONVERSION = YES;
				CLANG_WARN_OBJC_IMPLICIT_RETAIN_SELF = YES;
				CLANG_WARN_OBJC_LITERAL_CONVERSION = YES;
				CLANG_WARN_OBJC_ROOT_CLASS = YES_ERROR;
				CLANG_WARN_QUOTED_INCLUDE_IN_FRAMEWORK_HEADER = YES;
				CLANG_WARN_RANGE_LOOP_ANALYSIS = YES;
				CLANG_WARN_STRICT_PROTOTYPES = YES;
				CLANG_WARN_SUSPICIOUS_MOVE = YES;
				CLANG_WARN_UNGUARDED_AVAILABILITY = YES_AGGRESSIVE;
				CLANG_WARN_UNREACHABLE_CODE = YES;
				CLANG_WARN__DUPLICATE_METHOD_MATCH = YES;
				COPY_PHASE_STRIP = NO;
				DEBUG_INFORMATION_FORMAT = "dwarf-with-dsym";
				ENABLE_NS_ASSERTIONS = NO;
				ENABLE_STRICT_OBJC_MSGSEND = YES;
				GCC_C_LANGUAGE_STANDARD = gnu11;
				GCC_NO_COMMON_BLOCKS = YES;
				GCC_WARN_64_TO_32_BIT_CONVERSION = YES;
				GCC_WARN_ABOUT_RETURN_TYPE = YES_ERROR;
				GCC_WARN_UNDECLARED_SELECTOR = YES;
				GCC_WARN_UNINITIALIZED_AUTOS = YES_AGGRESSIVE;
				GCC_WARN_UNUSED_FUNCTION = YES;
				GCC_WARN_UNUSED_VARIABLE = YES;
				IPHONEOS_DEPLOYMENT_TARGET = 13.0;
				MTL_ENABLE_DEBUG_INFO = NO;
				MTL_FAST_MATH = YES;
				SDKROOT = iphoneos;
				SWIFT_COMPILATION_MODE = wholemodule;
				SWIFT_OPTIMIZATION_LEVEL = "-O";
				VALIDATE_PRODUCT = YES;
			};
			name = Release;
		};
		6448FDCC29FE2B840038D363 /* Debug */ = {
			isa = XCBuildConfiguration;
			buildSettings = {
				ASSETCATALOG_COMPILER_APPICON_NAME = AppIcon;
				ASSETCATALOG_COMPILER_GLOBAL_ACCENT_COLOR_NAME = AccentColor;
				CODE_SIGN_STYLE = Automatic;
				CURRENT_PROJECT_VERSION = 1;
				DEVELOPMENT_TEAM = 53EBFMADWM;
				GENERATE_INFOPLIST_FILE = YES;
				INFOPLIST_FILE = MarvelTest/Info.plist;
				INFOPLIST_KEY_UIApplicationSupportsIndirectInputEvents = YES;
				INFOPLIST_KEY_UILaunchStoryboardName = LaunchScreen;
				INFOPLIST_KEY_UISupportedInterfaceOrientations_iPad = "UIInterfaceOrientationPortrait UIInterfaceOrientationPortraitUpsideDown UIInterfaceOrientationLandscapeLeft UIInterfaceOrientationLandscapeRight";
				INFOPLIST_KEY_UISupportedInterfaceOrientations_iPhone = "UIInterfaceOrientationPortrait UIInterfaceOrientationLandscapeLeft UIInterfaceOrientationLandscapeRight";
				IPHONEOS_DEPLOYMENT_TARGET = 13.0;
				LD_RUNPATH_SEARCH_PATHS = (
					"$(inherited)",
					"@executable_path/Frameworks",
				);
				MARKETING_VERSION = 1.0;
				PRODUCT_BUNDLE_IDENTIFIER = ultimoALves.MarvelTest;
				PRODUCT_NAME = "$(TARGET_NAME)";
				SUPPORTED_PLATFORMS = "iphoneos iphonesimulator";
				SUPPORTS_MACCATALYST = NO;
				SUPPORTS_MAC_DESIGNED_FOR_IPHONE_IPAD = NO;
				SWIFT_EMIT_LOC_STRINGS = YES;
				SWIFT_VERSION = 5.0;
				TARGETED_DEVICE_FAMILY = 1;
			};
			name = Debug;
		};
		6448FDCD29FE2B840038D363 /* Release */ = {
			isa = XCBuildConfiguration;
			buildSettings = {
				ASSETCATALOG_COMPILER_APPICON_NAME = AppIcon;
				ASSETCATALOG_COMPILER_GLOBAL_ACCENT_COLOR_NAME = AccentColor;
				CODE_SIGN_STYLE = Automatic;
				CURRENT_PROJECT_VERSION = 1;
				DEVELOPMENT_TEAM = 53EBFMADWM;
				GENERATE_INFOPLIST_FILE = YES;
				INFOPLIST_FILE = MarvelTest/Info.plist;
				INFOPLIST_KEY_UIApplicationSupportsIndirectInputEvents = YES;
				INFOPLIST_KEY_UILaunchStoryboardName = LaunchScreen;
				INFOPLIST_KEY_UISupportedInterfaceOrientations_iPad = "UIInterfaceOrientationPortrait UIInterfaceOrientationPortraitUpsideDown UIInterfaceOrientationLandscapeLeft UIInterfaceOrientationLandscapeRight";
				INFOPLIST_KEY_UISupportedInterfaceOrientations_iPhone = "UIInterfaceOrientationPortrait UIInterfaceOrientationLandscapeLeft UIInterfaceOrientationLandscapeRight";
				IPHONEOS_DEPLOYMENT_TARGET = 13.0;
				LD_RUNPATH_SEARCH_PATHS = (
					"$(inherited)",
					"@executable_path/Frameworks",
				);
				MARKETING_VERSION = 1.0;
				PRODUCT_BUNDLE_IDENTIFIER = ultimoALves.MarvelTest;
				PRODUCT_NAME = "$(TARGET_NAME)";
				SUPPORTED_PLATFORMS = "iphoneos iphonesimulator";
				SUPPORTS_MACCATALYST = NO;
				SUPPORTS_MAC_DESIGNED_FOR_IPHONE_IPAD = NO;
				SWIFT_EMIT_LOC_STRINGS = YES;
				SWIFT_VERSION = 5.0;
				TARGETED_DEVICE_FAMILY = 1;
			};
			name = Release;
		};
/* End XCBuildConfiguration section */

/* Begin XCConfigurationList section */
		6448FDB229FE2B830038D363 /* Build configuration list for PBXProject "MarvelTest" */ = {
			isa = XCConfigurationList;
			buildConfigurations = (
				6448FDC929FE2B840038D363 /* Debug */,
				6448FDCA29FE2B840038D363 /* Release */,
			);
			defaultConfigurationIsVisible = 0;
			defaultConfigurationName = Release;
		};
		6448FDCB29FE2B840038D363 /* Build configuration list for PBXNativeTarget "MarvelTest" */ = {
			isa = XCConfigurationList;
			buildConfigurations = (
				6448FDCC29FE2B840038D363 /* Debug */,
				6448FDCD29FE2B840038D363 /* Release */,
			);
			defaultConfigurationIsVisible = 0;
			defaultConfigurationName = Release;
		};
/* End XCConfigurationList section */

/* Begin XCRemoteSwiftPackageReference section */
		6448FDCE29FED1090038D363 /* XCRemoteSwiftPackageReference "Alamofire" */ = {
			isa = XCRemoteSwiftPackageReference;
			repositoryURL = "https://github.com/Alamofire/Alamofire.git";
			requirement = {
				kind = upToNextMajorVersion;
				minimumVersion = 5.0.0;
			};
		};
		6448FDD629FEDB260038D363 /* XCRemoteSwiftPackageReference "SwiftLint" */ = {
			isa = XCRemoteSwiftPackageReference;
			repositoryURL = "https://github.com/realm/SwiftLint";
			requirement = {
				kind = upToNextMajorVersion;
				minimumVersion = 0.51.0;
			};
		};
		64FF36B82A05658E003D826C /* XCRemoteSwiftPackageReference "SnapKit" */ = {
			isa = XCRemoteSwiftPackageReference;
			repositoryURL = "https://github.com/SnapKit/SnapKit";
			requirement = {
				kind = upToNextMajorVersion;
				minimumVersion = 5.0.0;
			};
		};
/* End XCRemoteSwiftPackageReference section */

/* Begin XCSwiftPackageProductDependency section */
		6448FDCF29FED1090038D363 /* Alamofire */ = {
			isa = XCSwiftPackageProductDependency;
			package = 6448FDCE29FED1090038D363 /* XCRemoteSwiftPackageReference "Alamofire" */;
			productName = Alamofire;
		};
		64FF36B92A05658E003D826C /* SnapKit */ = {
			isa = XCSwiftPackageProductDependency;
			package = 64FF36B82A05658E003D826C /* XCRemoteSwiftPackageReference "SnapKit" */;
			productName = SnapKit;
		};
/* End XCSwiftPackageProductDependency section */

/* Begin XCVersionGroup section */
		64F193D62A0595A1008FA4C1 /* Marvel.xcdatamodeld */ = {
			isa = XCVersionGroup;
			children = (
				64F193D72A0595A1008FA4C1 /* Marvel.xcdatamodel */,
			);
			currentVersion = 64F193D72A0595A1008FA4C1 /* Marvel.xcdatamodel */;
			path = Marvel.xcdatamodeld;
			sourceTree = "<group>";
			versionGroupType = wrapper.xcdatamodel;
		};
/* End XCVersionGroup section */
	};
	rootObject = 6448FDAF29FE2B830038D363 /* Project object */;
}
